// !$*UTF8*$!
{
	archiveVersion = 1;
	classes = {
	};
	objectVersion = 56;
	objects = {

/* Begin PBXBuildFile section */
		050F33162AF6638300485B7D /* Kingfisher in Frameworks */ = {isa = PBXBuildFile; productRef = 050F33152AF6638300485B7D /* Kingfisher */; };
		052C6ED02AE067A90050560F /* UIBlockingProgressHUD.swift in Sources */ = {isa = PBXBuildFile; fileRef = 052C6ECF2AE067A90050560F /* UIBlockingProgressHUD.swift */; };
		052C6ED22AE06F470050560F /* ProfileService.swift in Sources */ = {isa = PBXBuildFile; fileRef = 052C6ED12AE06F470050560F /* ProfileService.swift */; };
		052C6ED42AE070300050560F /* Profile.swift in Sources */ = {isa = PBXBuildFile; fileRef = 052C6ED32AE070300050560F /* Profile.swift */; };
		052C6ED62AE070530050560F /* ProfileResult.swift in Sources */ = {isa = PBXBuildFile; fileRef = 052C6ED52AE070530050560F /* ProfileResult.swift */; };
		052C6ED82AE070830050560F /* UserResult.swift in Sources */ = {isa = PBXBuildFile; fileRef = 052C6ED72AE070830050560F /* UserResult.swift */; };
		052C6EDA2AE07AD80050560F /* ProfileImageService.swift in Sources */ = {isa = PBXBuildFile; fileRef = 052C6ED92AE07AD80050560F /* ProfileImageService.swift */; };
		05BB5A532AA52D8100397568 /* AppDelegate.swift in Sources */ = {isa = PBXBuildFile; fileRef = 05BB5A522AA52D8100397568 /* AppDelegate.swift */; };
		05BB5A552AA52D8100397568 /* SceneDelegate.swift in Sources */ = {isa = PBXBuildFile; fileRef = 05BB5A542AA52D8100397568 /* SceneDelegate.swift */; };
		05BB5A572AA52D8100397568 /* ImageListViewController.swift in Sources */ = {isa = PBXBuildFile; fileRef = 05BB5A562AA52D8100397568 /* ImageListViewController.swift */; };
		05BB5A5A2AA52D8100397568 /* Main.storyboard in Resources */ = {isa = PBXBuildFile; fileRef = 05BB5A582AA52D8100397568 /* Main.storyboard */; };
		05BB5A5C2AA52D8200397568 /* Assets.xcassets in Resources */ = {isa = PBXBuildFile; fileRef = 05BB5A5B2AA52D8200397568 /* Assets.xcassets */; };
		05BB5A5F2AA52D8200397568 /* LaunchScreen.storyboard in Resources */ = {isa = PBXBuildFile; fileRef = 05BB5A5D2AA52D8200397568 /* LaunchScreen.storyboard */; };
		05CC5A032AA763FE00586799 /* ImagesListCell.swift in Sources */ = {isa = PBXBuildFile; fileRef = 05CC5A022AA763FE00586799 /* ImagesListCell.swift */; };
		05E463A02AF0247B0046BB14 /* SnapKit in Frameworks */ = {isa = PBXBuildFile; productRef = 05E4639F2AF0247B0046BB14 /* SnapKit */; };
		05E463AC2AF0279A0046BB14 /* SwiftKeychainWrapper in Frameworks */ = {isa = PBXBuildFile; productRef = 05E463AB2AF0279A0046BB14 /* SwiftKeychainWrapper */; };
		05E463B12AF05C730046BB14 /* TabBarController.swift in Sources */ = {isa = PBXBuildFile; fileRef = 05E463B02AF05C730046BB14 /* TabBarController.swift */; };
		05E463B32AF1429D0046BB14 /* URLSessionCode.swift in Sources */ = {isa = PBXBuildFile; fileRef = 05E463B22AF1429D0046BB14 /* URLSessionCode.swift */; };
		05E463B62AF1ADF30046BB14 /* URLRequestExtension.swift in Sources */ = {isa = PBXBuildFile; fileRef = 05E463B52AF1ADF30046BB14 /* URLRequestExtension.swift */; };
		05E463BF2AF21F100046BB14 /* ProgressHUD in Frameworks */ = {isa = PBXBuildFile; productRef = 05E463BE2AF21F100046BB14 /* ProgressHUD */; };
		05EF23492AB5EBF600F32DE0 /* ProfileViewController.swift in Sources */ = {isa = PBXBuildFile; fileRef = 05EF23482AB5EBF600F32DE0 /* ProfileViewController.swift */; };
		05EF234C2AB7016A00F32DE0 /* SingleImageViewController.swift in Sources */ = {isa = PBXBuildFile; fileRef = 05EF234B2AB7016A00F32DE0 /* SingleImageViewController.swift */; };
		05EF234E2AC76A4600F32DE0 /* Constants.swift in Sources */ = {isa = PBXBuildFile; fileRef = 05EF234D2AC76A4600F32DE0 /* Constants.swift */; };
		05EF23522AC77E1200F32DE0 /* AuthViewController.swift in Sources */ = {isa = PBXBuildFile; fileRef = 05EF23512AC77E1200F32DE0 /* AuthViewController.swift */; };
		05EF23542ACADB7500F32DE0 /* WebViewViewController.swift in Sources */ = {isa = PBXBuildFile; fileRef = 05EF23532ACADB7500F32DE0 /* WebViewViewController.swift */; };
		05EF23592ACB6C3100F32DE0 /* OAuth2Service.swift in Sources */ = {isa = PBXBuildFile; fileRef = 05EF23582ACB6C3100F32DE0 /* OAuth2Service.swift */; };
		05EF235B2ACB6C5200F32DE0 /* OAuth2TokenStorage.swift in Sources */ = {isa = PBXBuildFile; fileRef = 05EF235A2ACB6C5200F32DE0 /* OAuth2TokenStorage.swift */; };
		05EF235E2ACB6CBB00F32DE0 /* SplashViewController.swift in Sources */ = {isa = PBXBuildFile; fileRef = 05EF235D2ACB6CBB00F32DE0 /* SplashViewController.swift */; };
		05EF23602ACC476A00F32DE0 /* OAuthTokenResponseBody.swift in Sources */ = {isa = PBXBuildFile; fileRef = 05EF235F2ACC476A00F32DE0 /* OAuthTokenResponseBody.swift */; };
		05EF9D582ACE03C2009C82F8 /* NetworkError.swift in Sources */ = {isa = PBXBuildFile; fileRef = 05EF9D572ACE03C2009C82F8 /* NetworkError.swift */; };
/* End PBXBuildFile section */

/* Begin PBXFileReference section */
		052C6ECF2AE067A90050560F /* UIBlockingProgressHUD.swift */ = {isa = PBXFileReference; lastKnownFileType = sourcecode.swift; path = UIBlockingProgressHUD.swift; sourceTree = "<group>"; };
		052C6ED12AE06F470050560F /* ProfileService.swift */ = {isa = PBXFileReference; lastKnownFileType = sourcecode.swift; path = ProfileService.swift; sourceTree = "<group>"; };
		052C6ED32AE070300050560F /* Profile.swift */ = {isa = PBXFileReference; lastKnownFileType = sourcecode.swift; path = Profile.swift; sourceTree = "<group>"; };
		052C6ED52AE070530050560F /* ProfileResult.swift */ = {isa = PBXFileReference; lastKnownFileType = sourcecode.swift; path = ProfileResult.swift; sourceTree = "<group>"; };
		052C6ED72AE070830050560F /* UserResult.swift */ = {isa = PBXFileReference; lastKnownFileType = sourcecode.swift; path = UserResult.swift; sourceTree = "<group>"; };
		052C6ED92AE07AD80050560F /* ProfileImageService.swift */ = {isa = PBXFileReference; lastKnownFileType = sourcecode.swift; path = ProfileImageService.swift; sourceTree = "<group>"; };
		05BB5A4F2AA52D8100397568 /* ImageFeed.app */ = {isa = PBXFileReference; explicitFileType = wrapper.application; includeInIndex = 0; path = ImageFeed.app; sourceTree = BUILT_PRODUCTS_DIR; };
		05BB5A522AA52D8100397568 /* AppDelegate.swift */ = {isa = PBXFileReference; lastKnownFileType = sourcecode.swift; path = AppDelegate.swift; sourceTree = "<group>"; };
		05BB5A542AA52D8100397568 /* SceneDelegate.swift */ = {isa = PBXFileReference; lastKnownFileType = sourcecode.swift; path = SceneDelegate.swift; sourceTree = "<group>"; };
		05BB5A562AA52D8100397568 /* ImageListViewController.swift */ = {isa = PBXFileReference; lastKnownFileType = sourcecode.swift; path = ImageListViewController.swift; sourceTree = "<group>"; };
		05BB5A592AA52D8100397568 /* Base */ = {isa = PBXFileReference; lastKnownFileType = file.storyboard; name = Base; path = Base.lproj/Main.storyboard; sourceTree = "<group>"; };
		05BB5A5B2AA52D8200397568 /* Assets.xcassets */ = {isa = PBXFileReference; lastKnownFileType = folder.assetcatalog; path = Assets.xcassets; sourceTree = "<group>"; };
		05BB5A5E2AA52D8200397568 /* Base */ = {isa = PBXFileReference; lastKnownFileType = file.storyboard; name = Base; path = Base.lproj/LaunchScreen.storyboard; sourceTree = "<group>"; };
		05BB5A602AA52D8200397568 /* Info.plist */ = {isa = PBXFileReference; lastKnownFileType = text.plist.xml; path = Info.plist; sourceTree = "<group>"; };
		05CC5A022AA763FE00586799 /* ImagesListCell.swift */ = {isa = PBXFileReference; lastKnownFileType = sourcecode.swift; path = ImagesListCell.swift; sourceTree = "<group>"; };
		05E463B02AF05C730046BB14 /* TabBarController.swift */ = {isa = PBXFileReference; lastKnownFileType = sourcecode.swift; path = TabBarController.swift; sourceTree = "<group>"; };
		05E463B22AF1429D0046BB14 /* URLSessionCode.swift */ = {isa = PBXFileReference; lastKnownFileType = sourcecode.swift; path = URLSessionCode.swift; sourceTree = "<group>"; };
		05E463B52AF1ADF30046BB14 /* URLRequestExtension.swift */ = {isa = PBXFileReference; lastKnownFileType = sourcecode.swift; path = URLRequestExtension.swift; sourceTree = "<group>"; };
		05EF23482AB5EBF600F32DE0 /* ProfileViewController.swift */ = {isa = PBXFileReference; lastKnownFileType = sourcecode.swift; path = ProfileViewController.swift; sourceTree = "<group>"; };
		05EF234B2AB7016A00F32DE0 /* SingleImageViewController.swift */ = {isa = PBXFileReference; lastKnownFileType = sourcecode.swift; path = SingleImageViewController.swift; sourceTree = "<group>"; };
		05EF234D2AC76A4600F32DE0 /* Constants.swift */ = {isa = PBXFileReference; lastKnownFileType = sourcecode.swift; path = Constants.swift; sourceTree = "<group>"; };
		05EF23512AC77E1200F32DE0 /* AuthViewController.swift */ = {isa = PBXFileReference; lastKnownFileType = sourcecode.swift; path = AuthViewController.swift; sourceTree = "<group>"; };
		05EF23532ACADB7500F32DE0 /* WebViewViewController.swift */ = {isa = PBXFileReference; lastKnownFileType = sourcecode.swift; path = WebViewViewController.swift; sourceTree = "<group>"; };
		05EF23582ACB6C3100F32DE0 /* OAuth2Service.swift */ = {isa = PBXFileReference; lastKnownFileType = sourcecode.swift; path = OAuth2Service.swift; sourceTree = "<group>"; };
		05EF235A2ACB6C5200F32DE0 /* OAuth2TokenStorage.swift */ = {isa = PBXFileReference; lastKnownFileType = sourcecode.swift; path = OAuth2TokenStorage.swift; sourceTree = "<group>"; };
		05EF235D2ACB6CBB00F32DE0 /* SplashViewController.swift */ = {isa = PBXFileReference; lastKnownFileType = sourcecode.swift; path = SplashViewController.swift; sourceTree = "<group>"; };
		05EF235F2ACC476A00F32DE0 /* OAuthTokenResponseBody.swift */ = {isa = PBXFileReference; lastKnownFileType = sourcecode.swift; path = OAuthTokenResponseBody.swift; sourceTree = "<group>"; };
		05EF9D572ACE03C2009C82F8 /* NetworkError.swift */ = {isa = PBXFileReference; lastKnownFileType = sourcecode.swift; path = NetworkError.swift; sourceTree = "<group>"; };
/* End PBXFileReference section */

/* Begin PBXFrameworksBuildPhase section */
		05BB5A4C2AA52D8100397568 /* Frameworks */ = {
			isa = PBXFrameworksBuildPhase;
			buildActionMask = 2147483647;
			files = (
				050F33162AF6638300485B7D /* Kingfisher in Frameworks */,
				05E463BF2AF21F100046BB14 /* ProgressHUD in Frameworks */,
				05E463A02AF0247B0046BB14 /* SnapKit in Frameworks */,
				05E463AC2AF0279A0046BB14 /* SwiftKeychainWrapper in Frameworks */,
			);
			runOnlyForDeploymentPostprocessing = 0;
		};
/* End PBXFrameworksBuildPhase section */

/* Begin PBXGroup section */
		05BB5A462AA52D8000397568 = {
			isa = PBXGroup;
			children = (
				05BB5A512AA52D8100397568 /* ImageFeed */,
				05BB5A502AA52D8100397568 /* Products */,
			);
			sourceTree = "<group>";
		};
		05BB5A502AA52D8100397568 /* Products */ = {
			isa = PBXGroup;
			children = (
				05BB5A4F2AA52D8100397568 /* ImageFeed.app */,
			);
			name = Products;
			sourceTree = "<group>";
		};
		05BB5A512AA52D8100397568 /* ImageFeed */ = {
			isa = PBXGroup;
			children = (
				05BB5A522AA52D8100397568 /* AppDelegate.swift */,
				05BB5A542AA52D8100397568 /* SceneDelegate.swift */,
				05E463B02AF05C730046BB14 /* TabBarController.swift */,
				05EF234D2AC76A4600F32DE0 /* Constants.swift */,
				05E463B22AF1429D0046BB14 /* URLSessionCode.swift */,
				052C6ECF2AE067A90050560F /* UIBlockingProgressHUD.swift */,
				05E463B52AF1ADF30046BB14 /* URLRequestExtension.swift */,
				05EF9D5E2AD1C12C009C82F8 /* SingleImageView */,
				05EF235C2ACB6C9000F32DE0 /* SplashViewController */,
				05EF23472AB5EBE300F32DE0 /* Profile */,
				05EF23572ACB6C0500F32DE0 /* Networking */,
				05EF23502AC77DE100F32DE0 /* Auth */,
				05CC5A012AA75F3C00586799 /* ImageList */,
				05BB5A582AA52D8100397568 /* Main.storyboard */,
				05BB5A5B2AA52D8200397568 /* Assets.xcassets */,
				05BB5A5D2AA52D8200397568 /* LaunchScreen.storyboard */,
				05BB5A602AA52D8200397568 /* Info.plist */,
			);
			path = ImageFeed;
			sourceTree = "<group>";
		};
		05CC5A012AA75F3C00586799 /* ImageList */ = {
			isa = PBXGroup;
			children = (
				05CC5A022AA763FE00586799 /* ImagesListCell.swift */,
				05BB5A562AA52D8100397568 /* ImageListViewController.swift */,
			);
			path = ImageList;
			sourceTree = "<group>";
		};
		05EF23472AB5EBE300F32DE0 /* Profile */ = {
			isa = PBXGroup;
			children = (
				052C6ED32AE070300050560F /* Profile.swift */,
				052C6ED52AE070530050560F /* ProfileResult.swift */,
				052C6ED72AE070830050560F /* UserResult.swift */,
				052C6ED12AE06F470050560F /* ProfileService.swift */,
				052C6ED92AE07AD80050560F /* ProfileImageService.swift */,
				05EF23482AB5EBF600F32DE0 /* ProfileViewController.swift */,
			);
			path = Profile;
			sourceTree = "<group>";
		};
		05EF23502AC77DE100F32DE0 /* Auth */ = {
			isa = PBXGroup;
			children = (
				05EF23512AC77E1200F32DE0 /* AuthViewController.swift */,
				05EF23532ACADB7500F32DE0 /* WebViewViewController.swift */,
			);
			path = Auth;
			sourceTree = "<group>";
		};
		05EF23572ACB6C0500F32DE0 /* Networking */ = {
			isa = PBXGroup;
			children = (
				05EF23582ACB6C3100F32DE0 /* OAuth2Service.swift */,
				05EF235A2ACB6C5200F32DE0 /* OAuth2TokenStorage.swift */,
				05EF235F2ACC476A00F32DE0 /* OAuthTokenResponseBody.swift */,
				05EF9D572ACE03C2009C82F8 /* NetworkError.swift */,
			);
			path = Networking;
			sourceTree = "<group>";
		};
		05EF235C2ACB6C9000F32DE0 /* SplashViewController */ = {
			isa = PBXGroup;
			children = (
				05EF235D2ACB6CBB00F32DE0 /* SplashViewController.swift */,
			);
			path = SplashViewController;
			sourceTree = "<group>";
		};
		05EF9D5E2AD1C12C009C82F8 /* SingleImageView */ = {
			isa = PBXGroup;
			children = (
				05EF234B2AB7016A00F32DE0 /* SingleImageViewController.swift */,
			);
			path = SingleImageView;
			sourceTree = "<group>";
		};
/* End PBXGroup section */

/* Begin PBXNativeTarget section */
		05BB5A4E2AA52D8100397568 /* ImageFeed */ = {
			isa = PBXNativeTarget;
			buildConfigurationList = 05BB5A632AA52D8200397568 /* Build configuration list for PBXNativeTarget "ImageFeed" */;
			buildPhases = (
				05BB5A4B2AA52D8100397568 /* Sources */,
				05BB5A4C2AA52D8100397568 /* Frameworks */,
				05BB5A4D2AA52D8100397568 /* Resources */,
			);
			buildRules = (
			);
			dependencies = (
			);
			name = ImageFeed;
			packageProductDependencies = (
				05E4639F2AF0247B0046BB14 /* SnapKit */,
				05E463AB2AF0279A0046BB14 /* SwiftKeychainWrapper */,
				05E463BE2AF21F100046BB14 /* ProgressHUD */,
				050F33152AF6638300485B7D /* Kingfisher */,
			);
			productName = ImageFeed;
			productReference = 05BB5A4F2AA52D8100397568 /* ImageFeed.app */;
			productType = "com.apple.product-type.application";
		};
/* End PBXNativeTarget section */

/* Begin PBXProject section */
		05BB5A472AA52D8000397568 /* Project object */ = {
			isa = PBXProject;
			attributes = {
				BuildIndependentTargetsInParallel = 1;
				LastSwiftUpdateCheck = 1430;
				LastUpgradeCheck = 1430;
				TargetAttributes = {
					05BB5A4E2AA52D8100397568 = {
						CreatedOnToolsVersion = 14.3;
					};
				};
			};
			buildConfigurationList = 05BB5A4A2AA52D8000397568 /* Build configuration list for PBXProject "ImageFeed" */;
			compatibilityVersion = "Xcode 14.0";
			developmentRegion = en;
			hasScannedForEncodings = 0;
			knownRegions = (
				en,
				Base,
			);
			mainGroup = 05BB5A462AA52D8000397568;
			packageReferences = (
				05E4639E2AF0247B0046BB14 /* XCRemoteSwiftPackageReference "SnapKit" */,
				05E463AA2AF0279A0046BB14 /* XCRemoteSwiftPackageReference "SwiftKeychainWrapper" */,
				05E463BD2AF21F100046BB14 /* XCRemoteSwiftPackageReference "ProgressHUD" */,
				050F33142AF6638300485B7D /* XCRemoteSwiftPackageReference "Kingfisher" */,
			);
			productRefGroup = 05BB5A502AA52D8100397568 /* Products */;
			projectDirPath = "";
			projectRoot = "";
			targets = (
				05BB5A4E2AA52D8100397568 /* ImageFeed */,
			);
		};
/* End PBXProject section */

/* Begin PBXResourcesBuildPhase section */
		05BB5A4D2AA52D8100397568 /* Resources */ = {
			isa = PBXResourcesBuildPhase;
			buildActionMask = 2147483647;
			files = (
				05BB5A5F2AA52D8200397568 /* LaunchScreen.storyboard in Resources */,
				05BB5A5C2AA52D8200397568 /* Assets.xcassets in Resources */,
				05BB5A5A2AA52D8100397568 /* Main.storyboard in Resources */,
			);
			runOnlyForDeploymentPostprocessing = 0;
		};
/* End PBXResourcesBuildPhase section */

/* Begin PBXSourcesBuildPhase section */
		05BB5A4B2AA52D8100397568 /* Sources */ = {
			isa = PBXSourcesBuildPhase;
			buildActionMask = 2147483647;
			files = (
				05EF23492AB5EBF600F32DE0 /* ProfileViewController.swift in Sources */,
				05EF9D582ACE03C2009C82F8 /* NetworkError.swift in Sources */,
				05EF234C2AB7016A00F32DE0 /* SingleImageViewController.swift in Sources */,
				05BB5A572AA52D8100397568 /* ImageListViewController.swift in Sources */,
				05EF235E2ACB6CBB00F32DE0 /* SplashViewController.swift in Sources */,
				052C6ED82AE070830050560F /* UserResult.swift in Sources */,
				05CC5A032AA763FE00586799 /* ImagesListCell.swift in Sources */,
				05EF23602ACC476A00F32DE0 /* OAuthTokenResponseBody.swift in Sources */,
				05EF235B2ACB6C5200F32DE0 /* OAuth2TokenStorage.swift in Sources */,
				05EF23522AC77E1200F32DE0 /* AuthViewController.swift in Sources */,
				05E463B32AF1429D0046BB14 /* URLSessionCode.swift in Sources */,
				052C6EDA2AE07AD80050560F /* ProfileImageService.swift in Sources */,
				05EF234E2AC76A4600F32DE0 /* Constants.swift in Sources */,
				052C6ED22AE06F470050560F /* ProfileService.swift in Sources */,
				05BB5A532AA52D8100397568 /* AppDelegate.swift in Sources */,
				05EF23542ACADB7500F32DE0 /* WebViewViewController.swift in Sources */,
				05EF23592ACB6C3100F32DE0 /* OAuth2Service.swift in Sources */,
				052C6ED42AE070300050560F /* Profile.swift in Sources */,
				05BB5A552AA52D8100397568 /* SceneDelegate.swift in Sources */,
				05E463B12AF05C730046BB14 /* TabBarController.swift in Sources */,
				05E463B62AF1ADF30046BB14 /* URLRequestExtension.swift in Sources */,
				052C6ED62AE070530050560F /* ProfileResult.swift in Sources */,
				052C6ED02AE067A90050560F /* UIBlockingProgressHUD.swift in Sources */,
			);
			runOnlyForDeploymentPostprocessing = 0;
		};
/* End PBXSourcesBuildPhase section */

/* Begin PBXVariantGroup section */
		05BB5A582AA52D8100397568 /* Main.storyboard */ = {
			isa = PBXVariantGroup;
			children = (
				05BB5A592AA52D8100397568 /* Base */,
			);
			name = Main.storyboard;
			sourceTree = "<group>";
		};
		05BB5A5D2AA52D8200397568 /* LaunchScreen.storyboard */ = {
			isa = PBXVariantGroup;
			children = (
				05BB5A5E2AA52D8200397568 /* Base */,
			);
			name = LaunchScreen.storyboard;
			sourceTree = "<group>";
		};
/* End PBXVariantGroup section */

/* Begin XCBuildConfiguration section */
		05BB5A612AA52D8200397568 /* Debug */ = {
			isa = XCBuildConfiguration;
			buildSettings = {
				ALWAYS_SEARCH_USER_PATHS = NO;
				CLANG_ANALYZER_NONNULL = YES;
				CLANG_ANALYZER_NUMBER_OBJECT_CONVERSION = YES_AGGRESSIVE;
				CLANG_CXX_LANGUAGE_STANDARD = "gnu++20";
				CLANG_ENABLE_MODULES = YES;
				CLANG_ENABLE_OBJC_ARC = YES;
				CLANG_ENABLE_OBJC_WEAK = YES;
				CLANG_WARN_BLOCK_CAPTURE_AUTORELEASING = YES;
				CLANG_WARN_BOOL_CONVERSION = YES;
				CLANG_WARN_COMMA = YES;
				CLANG_WARN_CONSTANT_CONVERSION = YES;
				CLANG_WARN_DEPRECATED_OBJC_IMPLEMENTATIONS = YES;
				CLANG_WARN_DIRECT_OBJC_ISA_USAGE = YES_ERROR;
				CLANG_WARN_DOCUMENTATION_COMMENTS = YES;
				CLANG_WARN_EMPTY_BODY = YES;
				CLANG_WARN_ENUM_CONVERSION = YES;
				CLANG_WARN_INFINITE_RECURSION = YES;
				CLANG_WARN_INT_CONVERSION = YES;
				CLANG_WARN_NON_LITERAL_NULL_CONVERSION = YES;
				CLANG_WARN_OBJC_IMPLICIT_RETAIN_SELF = YES;
				CLANG_WARN_OBJC_LITERAL_CONVERSION = YES;
				CLANG_WARN_OBJC_ROOT_CLASS = YES_ERROR;
				CLANG_WARN_QUOTED_INCLUDE_IN_FRAMEWORK_HEADER = YES;
				CLANG_WARN_RANGE_LOOP_ANALYSIS = YES;
				CLANG_WARN_STRICT_PROTOTYPES = YES;
				CLANG_WARN_SUSPICIOUS_MOVE = YES;
				CLANG_WARN_UNGUARDED_AVAILABILITY = YES_AGGRESSIVE;
				CLANG_WARN_UNREACHABLE_CODE = YES;
				CLANG_WARN__DUPLICATE_METHOD_MATCH = YES;
				COPY_PHASE_STRIP = NO;
				DEBUG_INFORMATION_FORMAT = dwarf;
				ENABLE_STRICT_OBJC_MSGSEND = YES;
				ENABLE_TESTABILITY = YES;
				GCC_C_LANGUAGE_STANDARD = gnu11;
				GCC_DYNAMIC_NO_PIC = NO;
				GCC_NO_COMMON_BLOCKS = YES;
				GCC_OPTIMIZATION_LEVEL = 0;
				GCC_PREPROCESSOR_DEFINITIONS = (
					"DEBUG=1",
					"$(inherited)",
				);
				GCC_WARN_64_TO_32_BIT_CONVERSION = YES;
				GCC_WARN_ABOUT_RETURN_TYPE = YES_ERROR;
				GCC_WARN_UNDECLARED_SELECTOR = YES;
				GCC_WARN_UNINITIALIZED_AUTOS = YES_AGGRESSIVE;
				GCC_WARN_UNUSED_FUNCTION = YES;
				GCC_WARN_UNUSED_VARIABLE = YES;
				IPHONEOS_DEPLOYMENT_TARGET = 16.4;
				MTL_ENABLE_DEBUG_INFO = INCLUDE_SOURCE;
				MTL_FAST_MATH = YES;
				ONLY_ACTIVE_ARCH = YES;
				SDKROOT = iphoneos;
				SWIFT_ACTIVE_COMPILATION_CONDITIONS = DEBUG;
				SWIFT_OPTIMIZATION_LEVEL = "-Onone";
			};
			name = Debug;
		};
		05BB5A622AA52D8200397568 /* Release */ = {
			isa = XCBuildConfiguration;
			buildSettings = {
				ALWAYS_SEARCH_USER_PATHS = NO;
				CLANG_ANALYZER_NONNULL = YES;
				CLANG_ANALYZER_NUMBER_OBJECT_CONVERSION = YES_AGGRESSIVE;
				CLANG_CXX_LANGUAGE_STANDARD = "gnu++20";
				CLANG_ENABLE_MODULES = YES;
				CLANG_ENABLE_OBJC_ARC = YES;
				CLANG_ENABLE_OBJC_WEAK = YES;
				CLANG_WARN_BLOCK_CAPTURE_AUTORELEASING = YES;
				CLANG_WARN_BOOL_CONVERSION = YES;
				CLANG_WARN_COMMA = YES;
				CLANG_WARN_CONSTANT_CONVERSION = YES;
				CLANG_WARN_DEPRECATED_OBJC_IMPLEMENTATIONS = YES;
				CLANG_WARN_DIRECT_OBJC_ISA_USAGE = YES_ERROR;
				CLANG_WARN_DOCUMENTATION_COMMENTS = YES;
				CLANG_WARN_EMPTY_BODY = YES;
				CLANG_WARN_ENUM_CONVERSION = YES;
				CLANG_WARN_INFINITE_RECURSION = YES;
				CLANG_WARN_INT_CONVERSION = YES;
				CLANG_WARN_NON_LITERAL_NULL_CONVERSION = YES;
				CLANG_WARN_OBJC_IMPLICIT_RETAIN_SELF = YES;
				CLANG_WARN_OBJC_LITERAL_CONVERSION = YES;
				CLANG_WARN_OBJC_ROOT_CLASS = YES_ERROR;
				CLANG_WARN_QUOTED_INCLUDE_IN_FRAMEWORK_HEADER = YES;
				CLANG_WARN_RANGE_LOOP_ANALYSIS = YES;
				CLANG_WARN_STRICT_PROTOTYPES = YES;
				CLANG_WARN_SUSPICIOUS_MOVE = YES;
				CLANG_WARN_UNGUARDED_AVAILABILITY = YES_AGGRESSIVE;
				CLANG_WARN_UNREACHABLE_CODE = YES;
				CLANG_WARN__DUPLICATE_METHOD_MATCH = YES;
				COPY_PHASE_STRIP = NO;
				DEBUG_INFORMATION_FORMAT = "dwarf-with-dsym";
				ENABLE_NS_ASSERTIONS = NO;
				ENABLE_STRICT_OBJC_MSGSEND = YES;
				GCC_C_LANGUAGE_STANDARD = gnu11;
				GCC_NO_COMMON_BLOCKS = YES;
				GCC_WARN_64_TO_32_BIT_CONVERSION = YES;
				GCC_WARN_ABOUT_RETURN_TYPE = YES_ERROR;
				GCC_WARN_UNDECLARED_SELECTOR = YES;
				GCC_WARN_UNINITIALIZED_AUTOS = YES_AGGRESSIVE;
				GCC_WARN_UNUSED_FUNCTION = YES;
				GCC_WARN_UNUSED_VARIABLE = YES;
				IPHONEOS_DEPLOYMENT_TARGET = 16.4;
				MTL_ENABLE_DEBUG_INFO = NO;
				MTL_FAST_MATH = YES;
				SDKROOT = iphoneos;
				SWIFT_COMPILATION_MODE = wholemodule;
				SWIFT_OPTIMIZATION_LEVEL = "-O";
				VALIDATE_PRODUCT = YES;
			};
			name = Release;
		};
		05BB5A642AA52D8200397568 /* Debug */ = {
			isa = XCBuildConfiguration;
			buildSettings = {
				ASSETCATALOG_COMPILER_APPICON_NAME = AppIcon;
				ASSETCATALOG_COMPILER_GLOBAL_ACCENT_COLOR_NAME = AccentColor;
				CODE_SIGN_STYLE = Automatic;
				CURRENT_PROJECT_VERSION = 1;
				DEVELOPMENT_TEAM = QG29A57C4K;
				GENERATE_INFOPLIST_FILE = YES;
				INFOPLIST_FILE = ImageFeed/Info.plist;
				INFOPLIST_KEY_UIApplicationSupportsIndirectInputEvents = YES;
				INFOPLIST_KEY_UILaunchStoryboardName = LaunchScreen;
				INFOPLIST_KEY_UIMainStoryboardFile = Main;
				INFOPLIST_KEY_UISupportedInterfaceOrientations = UIInterfaceOrientationPortrait;
				INFOPLIST_KEY_UISupportedInterfaceOrientations_iPad = "UIInterfaceOrientationLandscapeLeft UIInterfaceOrientationLandscapeRight";
				IPHONEOS_DEPLOYMENT_TARGET = 13.0;
				LD_RUNPATH_SEARCH_PATHS = (
					"$(inherited)",
					"@executable_path/Frameworks",
				);
				MARKETING_VERSION = 1.0;
				PRODUCT_BUNDLE_IDENTIFIER = ru.yandex.practicum.ImageFeed;
				PRODUCT_NAME = "$(TARGET_NAME)";
				SUPPORTED_PLATFORMS = "iphoneos iphonesimulator";
				SUPPORTS_MACCATALYST = NO;
				SUPPORTS_MAC_DESIGNED_FOR_IPHONE_IPAD = YES;
				SWIFT_EMIT_LOC_STRINGS = YES;
				SWIFT_VERSION = 5.0;
				TARGETED_DEVICE_FAMILY = 1;
			};
			name = Debug;
		};
		05BB5A652AA52D8200397568 /* Release */ = {
			isa = XCBuildConfiguration;
			buildSettings = {
				ASSETCATALOG_COMPILER_APPICON_NAME = AppIcon;
				ASSETCATALOG_COMPILER_GLOBAL_ACCENT_COLOR_NAME = AccentColor;
				CODE_SIGN_STYLE = Automatic;
				CURRENT_PROJECT_VERSION = 1;
				DEVELOPMENT_TEAM = QG29A57C4K;
				GENERATE_INFOPLIST_FILE = YES;
				INFOPLIST_FILE = ImageFeed/Info.plist;
				INFOPLIST_KEY_UIApplicationSupportsIndirectInputEvents = YES;
				INFOPLIST_KEY_UILaunchStoryboardName = LaunchScreen;
				INFOPLIST_KEY_UIMainStoryboardFile = Main;
				INFOPLIST_KEY_UISupportedInterfaceOrientations = UIInterfaceOrientationPortrait;
				INFOPLIST_KEY_UISupportedInterfaceOrientations_iPad = "UIInterfaceOrientationLandscapeLeft UIInterfaceOrientationLandscapeRight";
				IPHONEOS_DEPLOYMENT_TARGET = 13.0;
				LD_RUNPATH_SEARCH_PATHS = (
					"$(inherited)",
					"@executable_path/Frameworks",
				);
				MARKETING_VERSION = 1.0;
				PRODUCT_BUNDLE_IDENTIFIER = ru.yandex.practicum.ImageFeed;
				PRODUCT_NAME = "$(TARGET_NAME)";
				SUPPORTED_PLATFORMS = "iphoneos iphonesimulator";
				SUPPORTS_MACCATALYST = NO;
				SUPPORTS_MAC_DESIGNED_FOR_IPHONE_IPAD = YES;
				SWIFT_EMIT_LOC_STRINGS = YES;
				SWIFT_VERSION = 5.0;
				TARGETED_DEVICE_FAMILY = 1;
			};
			name = Release;
		};
/* End XCBuildConfiguration section */

/* Begin XCConfigurationList section */
		05BB5A4A2AA52D8000397568 /* Build configuration list for PBXProject "ImageFeed" */ = {
			isa = XCConfigurationList;
			buildConfigurations = (
				05BB5A612AA52D8200397568 /* Debug */,
				05BB5A622AA52D8200397568 /* Release */,
			);
			defaultConfigurationIsVisible = 0;
			defaultConfigurationName = Release;
		};
		05BB5A632AA52D8200397568 /* Build configuration list for PBXNativeTarget "ImageFeed" */ = {
			isa = XCConfigurationList;
			buildConfigurations = (
				05BB5A642AA52D8200397568 /* Debug */,
				05BB5A652AA52D8200397568 /* Release */,
			);
			defaultConfigurationIsVisible = 0;
			defaultConfigurationName = Release;
		};
/* End XCConfigurationList section */

/* Begin XCRemoteSwiftPackageReference section */
		050F33142AF6638300485B7D /* XCRemoteSwiftPackageReference "Kingfisher" */ = {
			isa = XCRemoteSwiftPackageReference;
			repositoryURL = "https://github.com/onevcat/Kingfisher.git";
			requirement = {
				kind = exactVersion;
				version = 7.9.1;
			};
		};
		05E4639E2AF0247B0046BB14 /* XCRemoteSwiftPackageReference "SnapKit" */ = {
			isa = XCRemoteSwiftPackageReference;
			repositoryURL = "https://github.com/SnapKit/SnapKit.git";
			requirement = {
				kind = upToNextMajorVersion;
				minimumVersion = 5.0.0;
			};
		};
		05E463AA2AF0279A0046BB14 /* XCRemoteSwiftPackageReference "SwiftKeychainWrapper" */ = {
			isa = XCRemoteSwiftPackageReference;
			repositoryURL = "https://github.com/jrendel/SwiftKeychainWrapper";
			requirement = {
				kind = exactVersion;
				version = 4.0.1;
			};
		};
		05E463BD2AF21F100046BB14 /* XCRemoteSwiftPackageReference "ProgressHUD" */ = {
			isa = XCRemoteSwiftPackageReference;
			repositoryURL = "https://github.com/relatedcode/ProgressHUD.git";
			requirement = {
				kind = exactVersion;
				version = 13.8.4;
			};
		};
/* End XCRemoteSwiftPackageReference section */

/* Begin XCSwiftPackageProductDependency section */
		050F33152AF6638300485B7D /* Kingfisher */ = {
			isa = XCSwiftPackageProductDependency;
			package = 050F33142AF6638300485B7D /* XCRemoteSwiftPackageReference "Kingfisher" */;
			productName = Kingfisher;
		};
		05E4639F2AF0247B0046BB14 /* SnapKit */ = {
			isa = XCSwiftPackageProductDependency;
			package = 05E4639E2AF0247B0046BB14 /* XCRemoteSwiftPackageReference "SnapKit" */;
			productName = SnapKit;
		};
		05E463AB2AF0279A0046BB14 /* SwiftKeychainWrapper */ = {
			isa = XCSwiftPackageProductDependency;
			package = 05E463AA2AF0279A0046BB14 /* XCRemoteSwiftPackageReference "SwiftKeychainWrapper" */;
			productName = SwiftKeychainWrapper;
		};
		05E463BE2AF21F100046BB14 /* ProgressHUD */ = {
			isa = XCSwiftPackageProductDependency;
			package = 05E463BD2AF21F100046BB14 /* XCRemoteSwiftPackageReference "ProgressHUD" */;
			productName = ProgressHUD;
		};
/* End XCSwiftPackageProductDependency section */
	};
	rootObject = 05BB5A472AA52D8000397568 /* Project object */;
}
